{
  "version": 4,
  "terraform_version": "0.12.13",
  "serial": 12,
  "lineage": "c8fe70fd-d834-6cf1-ab08-8392c2b6f528",
  "outputs": {},
  "resources": [
    {
      "mode": "managed",
      "type": "google_container_cluster",
      "name": "k8s_terraform",
      "provider": "provider.google",
      "instances": [
        {
          "schema_version": 1,
          "attributes": {
            "additional_zones": [],
            "addons_config": [
              {
                "horizontal_pod_autoscaling": [],
                "http_load_balancing": [],
                "kubernetes_dashboard": [
                  {
                    "disabled": true
                  }
                ],
                "network_policy_config": [
                  {
                    "disabled": true
                  }
                ]
              }
            ],
            "cluster_autoscaling": [],
            "cluster_ipv4_cidr": "10.24.0.0/14",
            "default_max_pods_per_node": 110,
            "description": "",
            "enable_binary_authorization": null,
            "enable_intranode_visibility": null,
            "enable_kubernetes_alpha": false,
            "enable_legacy_abac": false,
            "enable_tpu": null,
            "endpoint": "35.238.199.206",
            "id": "kafka-playground",
            "initial_node_count": 4,
            "instance_group_urls": [
              "https://www.googleapis.com/compute/v1/projects/kafka-playground-666/zones/us-central1-a/instanceGroups/gke-kafka-playground-default-pool-e17aa077-grp"
            ],
            "ip_allocation_policy": [],
            "location": "us-central1-a",
            "logging_service": "logging.googleapis.com/kubernetes",
            "maintenance_policy": [],
            "master_auth": [
              {
                "client_certificate": "",
                "client_certificate_config": [
                  {
                    "issue_client_certificate": false
                  }
                ],
                "client_key": "",
                "cluster_ca_certificate": "LS0tLS1CRUdJTiBDRVJUSUZJQ0FURS0tLS0tCk1JSURDekNDQWZPZ0F3SUJBZ0lRRW12NTJhMXZyRWhRT1QrS3NZaUdLekFOQmdrcWhraUc5dzBCQVFzRkFEQXYKTVMwd0t3WURWUVFERXlRM016RTJaR0UzT1Mxak5UTTRMVFE0TURRdFlqRTNZUzFtWlRBM1pHRmxZV0ZrTnpndwpIaGNOTVRreE1USXhNVEF6TXpVNFdoY05NalF4TVRFNU1URXpNelU0V2pBdk1TMHdLd1lEVlFRREV5UTNNekUyClpHRTNPUzFqTlRNNExUUTRNRFF0WWpFM1lTMW1aVEEzWkdGbFlXRmtOemd3Z2dFaU1BMEdDU3FHU0liM0RRRUIKQVFVQUE0SUJEd0F3Z2dFS0FvSUJBUUN4bmxQcVMxU09ybDY5cUw4eE1Ta0hNN3VDd0g0djJDUitZa1NqWVBtcApHenQ5TU5FYlZZREY4L2lKdEpIOERITThML1MydHpBcWVUaWVBdmU1RzVQWEY2a1p6VStaeEw5QnljMmtyU0NLCnBuUnl1L3U1MktMM2FKbk5LbCtLZUl5MThZUDU4QTBQNXd5K3JQNkRHSlVxVzRsNG9JNDhjWnMwV0tJYXgrUXoKeFB0Wmw2bjNnL2svSDBWU1F1UFFtN1BGMnR2R21OaUdMMjRLbVBlcENIcG5QNU1RblZ3MGYxQkM2U09CbkQzNwpuaFRueWYzVHhYMzdVWnFFVGRXNERTeGFRaVRpc0xtNzlXOHZuWkdDVkhvNTBYK1Z1NDVuakNYZ2txVWFCSWt0CjU5aktiY2hxY2F1MXp0OFRzRzNPQXdiVmdWU3VPMXpsYmdEZnY4S1N1YzU5QWdNQkFBR2pJekFoTUE0R0ExVWQKRHdFQi93UUVBd0lDQkRBUEJnTlZIUk1CQWY4RUJUQURBUUgvTUEwR0NTcUdTSWIzRFFFQkN3VUFBNElCQVFBcQpESVpEbTZRYW93YUh4U2RyWFJ4VENJdk1aUWE5dXZHdGthem9hZWRJY0pSSFVqeGRPTTd0eTI1M2VqM1M4U3ozCnYwSGloa2MrUXErbUNhakFWNlArT1ArSFpkbzV1K1pmUFBNK1JFcVZlK2ovT09FK0lST2hDeG5lS0s1VHF2Sk0KMlJwQzdoSzNKWURNdlVudHNJd1BEalNTUEpWQmhVZlhHckZNalhLT3RtSitkOFA1RWppanVhN1VvemhCWktjMgpjczNzVXZsNXZSNGVwQzNFaU5PRWY5R2dFSklWSUwvL0kvM1NPV0tRUTVQWEttc1cwVEV1NThpZU0xUW9uV1VCCjEvc0ZOS3huazVGdy85Z1BXR0I4Mk92eGcrTUhDZjNIR1ZKd2ZvcHBaWnRhVmRkSW9NVlNYNCttMU1kdXliNU4KNUg0MHBFd2lVdHd5cUFiMEdXZWsKLS0tLS1FTkQgQ0VSVElGSUNBVEUtLS0tLQo=",
                "password": "",
                "username": ""
              }
            ],
            "master_authorized_networks_config": [],
            "master_version": "1.14.8-gke.12",
            "min_master_version": "1.14.8-gke.12",
            "monitoring_service": "monitoring.googleapis.com/kubernetes",
            "name": "kafka-playground",
            "network": "projects/kafka-playground-666/global/networks/default",
            "network_policy": [
              {
                "enabled": false,
                "provider": "PROVIDER_UNSPECIFIED"
              }
            ],
            "node_config": [
              {
                "disk_size_gb": 100,
                "disk_type": "pd-standard",
                "guest_accelerator": [],
                "image_type": "COS",
                "labels": {},
                "local_ssd_count": 0,
                "machine_type": "n1-standard-1",
                "metadata": {
                  "disable-legacy-endpoints": "true"
                },
                "min_cpu_platform": "",
                "oauth_scopes": [
                  "https://www.googleapis.com/auth/logging.write",
                  "https://www.googleapis.com/auth/monitoring"
                ],
                "preemptible": false,
                "sandbox_config": [],
                "service_account": "default",
                "shielded_instance_config": [
                  {
                    "enable_integrity_monitoring": true,
                    "enable_secure_boot": false
                  }
                ],
                "tags": null,
                "taint": [],
                "workload_metadata_config": []
              }
            ],
            "node_locations": [],
            "node_pool": [
              {
                "autoscaling": [],
                "initial_node_count": 4,
                "instance_group_urls": [
                  "https://www.googleapis.com/compute/v1/projects/kafka-playground-666/zones/us-central1-a/instanceGroupManagers/gke-kafka-playground-default-pool-e17aa077-grp"
                ],
                "management": [
                  {
                    "auto_repair": false,
                    "auto_upgrade": false
                  }
                ],
                "max_pods_per_node": 0,
                "name": "default-pool",
                "name_prefix": "",
                "node_config": [
                  {
                    "disk_size_gb": 100,
                    "disk_type": "pd-standard",
                    "guest_accelerator": [],
                    "image_type": "COS",
                    "labels": {},
                    "local_ssd_count": 0,
                    "machine_type": "n1-standard-1",
                    "metadata": {
                      "disable-legacy-endpoints": "true"
                    },
                    "min_cpu_platform": "",
                    "oauth_scopes": [
                      "https://www.googleapis.com/auth/logging.write",
                      "https://www.googleapis.com/auth/monitoring"
                    ],
                    "preemptible": false,
                    "sandbox_config": [],
                    "service_account": "default",
                    "shielded_instance_config": [
                      {
                        "enable_integrity_monitoring": true,
                        "enable_secure_boot": false
                      }
                    ],
                    "tags": [],
                    "taint": [],
                    "workload_metadata_config": []
                  }
                ],
                "node_count": 4,
                "version": "1.14.8-gke.12"
              }
            ],
            "node_version": "1.14.8-gke.12",
            "pod_security_policy_config": [],
            "private_cluster_config": [],
            "project": "kafka-playground-666",
            "region": null,
            "remove_default_node_pool": null,
            "resource_labels": null,
            "services_ipv4_cidr": "10.27.240.0/20",
            "subnetwork": "projects/kafka-playground-666/regions/us-central1/subnetworks/default",
            "timeouts": {
              "create": "5m",
              "delete": null,
              "update": "5m"
            },
            "zone": "us-central1-a"
          },
          "private": "eyJlMmJmYjczMC1lY2FhLTExZTYtOGY4OC0zNDM2M2JjN2M0YzAiOnsiY3JlYXRlIjozMDAwMDAwMDAwMDAsImRlbGV0ZSI6MTgwMDAwMDAwMDAwMCwidXBkYXRlIjozMDAwMDAwMDAwMDB9LCJzY2hlbWFfdmVyc2lvbiI6IjEifQ=="
        }
      ]
    }
  ]
}
