{
  "version": 4,
  "terraform_version": "0.12.13",
  "serial": 30,
  "lineage": "c8fe70fd-d834-6cf1-ab08-8392c2b6f528",
  "outputs": {},
  "resources": [
    {
      "mode": "managed",
      "type": "google_container_cluster",
      "name": "k8s_terraform",
      "provider": "provider.google",
      "instances": [
        {
          "schema_version": 1,
          "attributes": {
            "additional_zones": [],
            "addons_config": [
              {
                "horizontal_pod_autoscaling": [],
                "http_load_balancing": [],
                "kubernetes_dashboard": [
                  {
                    "disabled": true
                  }
                ],
                "network_policy_config": [
                  {
                    "disabled": true
                  }
                ]
              }
            ],
            "cluster_autoscaling": [],
            "cluster_ipv4_cidr": "10.24.0.0/14",
            "default_max_pods_per_node": 110,
            "description": "",
            "enable_binary_authorization": null,
            "enable_intranode_visibility": null,
            "enable_kubernetes_alpha": false,
            "enable_legacy_abac": false,
            "enable_tpu": null,
            "endpoint": "35.188.208.32",
            "id": "kafka-playground",
            "initial_node_count": 4,
            "instance_group_urls": [
              "https://www.googleapis.com/compute/v1/projects/kafka-playground-666-261614/zones/us-central1-a/instanceGroups/gke-kafka-playground-default-pool-4cd4d905-grp"
            ],
            "ip_allocation_policy": [],
            "location": "us-central1-a",
            "logging_service": "logging.googleapis.com/kubernetes",
            "maintenance_policy": [],
            "master_auth": [
              {
                "client_certificate": "",
                "client_certificate_config": [
                  {
                    "issue_client_certificate": false
                  }
                ],
                "client_key": "",
                "cluster_ca_certificate": "LS0tLS1CRUdJTiBDRVJUSUZJQ0FURS0tLS0tCk1JSURDekNDQWZPZ0F3SUJBZ0lRTnl1OXdPK3JNeW81OG1vQ09rUUtCREFOQmdrcWhraUc5dzBCQVFzRkFEQXYKTVMwd0t3WURWUVFERXlRMllUSTRaakV4TmkxaE0yTTJMVFEzWXprdE9EYzJNUzA1TVRVelpHUmpZalF6T0dNdwpIaGNOTVRreE1qRXdNVE16TlRJNVdoY05NalF4TWpBNE1UUXpOVEk1V2pBdk1TMHdLd1lEVlFRREV5UTJZVEk0ClpqRXhOaTFoTTJNMkxUUTNZemt0T0RjMk1TMDVNVFV6WkdSallqUXpPR013Z2dFaU1BMEdDU3FHU0liM0RRRUIKQVFVQUE0SUJEd0F3Z2dFS0FvSUJBUURDVzJkVER6VGNUSzJqZld4TjIrZHlmSTZFZUxDSGRONVlTVWpWc3VTRgpzSVVCNTZXWnJRL1lUendpSUtNVEdrNmxWSjRFeDcrcDZwWm1xWXZIV2VQcmJzT3NnK0s4bkRUOEM2OVVETFBPCi9Idkw5SldEckt3b09FSEs5RmxnT3NIQ25HeW8xQVgvUDh2VkpiVVVVN1Z0WWVkdFRlTGc3dzZyblBVOW1VbUQKZ0ZoZ3plL1V6NUZHSE9HT3V2N2ozVXBYekVLYWY2N0RsQS9YUEhCU3ZmWTk3M0REQVA1ZC90d004bVI0VmlxcQpTK0xOSng3VGdVaTNvaVdVMzB5UkZKRjA1Tk1yQ1hjTzk3djROSTJHY3lTRGhLVDBDaWplZDRDM0lRc1RqdjVZCjZFeFh1SGcxcmtSZml4eFhvekUxN0V5RFBIK1kyemVhTUlwL01FQTFjK1M1QWdNQkFBR2pJekFoTUE0R0ExVWQKRHdFQi93UUVBd0lDQkRBUEJnTlZIUk1CQWY4RUJUQURBUUgvTUEwR0NTcUdTSWIzRFFFQkN3VUFBNElCQVFBNQpDamtHSnZxdmJ6cHB3dDNybkZjU29pUlcrSHI1WEpTSzFzdnZ2K3p5bEp0dmxvNzE3SERFMUViZ1c0K0FoNzM3CnNWZVY1QU9pKzlHUFFkWjU2dllaS3doU21RY2FQYlJmSUdlQzRobTN0MkhLaG5ZTEMyN2QwWmUxdzRYNFovaTEKdDQ0Tm9wazZtT0lqcFIwdzlVZGtJaXVkL2hIdkFBdDk4R212RFRCNkRYcjhJTXJwdS9OQWI1TnlhVUNKSUp3TApPdnl1a3lZZFRPWUQ1d3Y2MUJkeDgvM1c4SHB3aGtGWkQvZlpmNTNoRW5SdWx5bWtPOGQ5SGFhSThkdFNneHRwCkJJZzgvdWkrTWVDdm9wOHV0T3BaSCtMR0g2S1piRXB3N0h3anNReEduMHdUeXA4aWozUnhaVjhiRjNMQmZEK2MKYURROHFyaFR6di9iRnc0SGxhWEgKLS0tLS1FTkQgQ0VSVElGSUNBVEUtLS0tLQo=",
                "password": "",
                "username": ""
              }
            ],
            "master_authorized_networks_config": [],
            "master_version": "1.14.8-gke.12",
            "min_master_version": "1.14.8-gke.12",
            "monitoring_service": "monitoring.googleapis.com/kubernetes",
            "name": "kafka-playground",
            "network": "projects/kafka-playground-666-261614/global/networks/default",
            "network_policy": [
              {
                "enabled": false,
                "provider": "PROVIDER_UNSPECIFIED"
              }
            ],
            "node_config": [
              {
                "disk_size_gb": 100,
                "disk_type": "pd-standard",
                "guest_accelerator": [],
                "image_type": "COS",
                "labels": {},
                "local_ssd_count": 0,
                "machine_type": "n1-standard-2",
                "metadata": {
                  "disable-legacy-endpoints": "true"
                },
                "min_cpu_platform": "",
                "oauth_scopes": [
                  "https://www.googleapis.com/auth/logging.write",
                  "https://www.googleapis.com/auth/monitoring"
                ],
                "preemptible": true,
                "sandbox_config": [],
                "service_account": "default",
                "shielded_instance_config": [
                  {
                    "enable_integrity_monitoring": true,
                    "enable_secure_boot": false
                  }
                ],
                "tags": [],
                "taint": [],
                "workload_metadata_config": []
              }
            ],
            "node_locations": [],
            "node_pool": [
              {
                "autoscaling": [],
                "initial_node_count": 4,
                "instance_group_urls": [
                  "https://www.googleapis.com/compute/v1/projects/kafka-playground-666-261614/zones/us-central1-a/instanceGroupManagers/gke-kafka-playground-default-pool-4cd4d905-grp"
                ],
                "management": [
                  {
                    "auto_repair": false,
                    "auto_upgrade": false
                  }
                ],
                "max_pods_per_node": 0,
                "name": "default-pool",
                "name_prefix": "",
                "node_config": [
                  {
                    "disk_size_gb": 100,
                    "disk_type": "pd-standard",
                    "guest_accelerator": [],
                    "image_type": "COS",
                    "labels": {},
                    "local_ssd_count": 0,
                    "machine_type": "n1-standard-2",
                    "metadata": {
                      "disable-legacy-endpoints": "true"
                    },
                    "min_cpu_platform": "",
                    "oauth_scopes": [
                      "https://www.googleapis.com/auth/logging.write",
                      "https://www.googleapis.com/auth/monitoring"
                    ],
                    "preemptible": true,
                    "sandbox_config": [],
                    "service_account": "default",
                    "shielded_instance_config": [
                      {
                        "enable_integrity_monitoring": true,
                        "enable_secure_boot": false
                      }
                    ],
                    "tags": [],
                    "taint": [],
                    "workload_metadata_config": []
                  }
                ],
                "node_count": 4,
                "version": "1.14.8-gke.12"
              }
            ],
            "node_version": "1.14.8-gke.12",
            "pod_security_policy_config": [],
            "private_cluster_config": [],
            "project": "kafka-playground-666-261614",
            "region": null,
            "remove_default_node_pool": null,
            "resource_labels": {},
            "services_ipv4_cidr": "10.27.240.0/20",
            "subnetwork": "projects/kafka-playground-666-261614/regions/us-central1/subnetworks/default",
            "timeouts": {
              "create": "5m",
              "delete": null,
              "update": "5m"
            },
            "zone": "us-central1-a"
          },
          "private": "eyJlMmJmYjczMC1lY2FhLTExZTYtOGY4OC0zNDM2M2JjN2M0YzAiOnsiY3JlYXRlIjozMDAwMDAwMDAwMDAsImRlbGV0ZSI6MTgwMDAwMDAwMDAwMCwidXBkYXRlIjozMDAwMDAwMDAwMDB9LCJzY2hlbWFfdmVyc2lvbiI6IjEifQ=="
        }
      ]
    }
  ]
}
