{
  "version": 4,
  "terraform_version": "0.12.13",
  "serial": 8,
  "lineage": "c8fe70fd-d834-6cf1-ab08-8392c2b6f528",
  "outputs": {},
  "resources": [
    {
      "mode": "managed",
      "type": "google_container_cluster",
      "name": "k8s_terraform",
      "provider": "provider.google",
      "instances": [
        {
          "schema_version": 1,
          "attributes": {
            "additional_zones": [],
            "addons_config": [
              {
                "horizontal_pod_autoscaling": [],
                "http_load_balancing": [],
                "kubernetes_dashboard": [
                  {
                    "disabled": true
                  }
                ],
                "network_policy_config": [
                  {
                    "disabled": true
                  }
                ]
              }
            ],
            "cluster_autoscaling": [],
            "cluster_ipv4_cidr": "10.24.0.0/14",
            "default_max_pods_per_node": 110,
            "description": "",
            "enable_binary_authorization": null,
            "enable_intranode_visibility": null,
            "enable_kubernetes_alpha": false,
            "enable_legacy_abac": false,
            "enable_tpu": null,
            "endpoint": "35.184.51.90",
            "id": "kafka-playground",
            "initial_node_count": 4,
            "instance_group_urls": [
              "https://www.googleapis.com/compute/v1/projects/kafka-playground-666/zones/us-central1-a/instanceGroups/gke-kafka-playground-default-pool-262dca17-grp"
            ],
            "ip_allocation_policy": [],
            "location": "us-central1-a",
            "logging_service": "logging.googleapis.com/kubernetes",
            "maintenance_policy": [],
            "master_auth": [
              {
                "client_certificate": "",
                "client_certificate_config": [
                  {
                    "issue_client_certificate": false
                  }
                ],
                "client_key": "",
                "cluster_ca_certificate": "LS0tLS1CRUdJTiBDRVJUSUZJQ0FURS0tLS0tCk1JSURERENDQWZTZ0F3SUJBZ0lSQU1sbVhZTWw2QUxMcWN1SlIzVTVJell3RFFZSktvWklodmNOQVFFTEJRQXcKTHpFdE1Dc0dBMVVFQXhNa1pqTm1OVFF6TW1ZdE1XVTRNUzAwWmpjMkxXSmpZV010WkRSbE9XUmlaVEk1TnpFegpNQjRYRFRFNU1URXhOVEE0TWpRMU4xb1hEVEkwTVRFeE16QTVNalExTjFvd0x6RXRNQ3NHQTFVRUF4TWtaak5tCk5UUXpNbVl0TVdVNE1TMDBaamMyTFdKallXTXRaRFJsT1dSaVpUSTVOekV6TUlJQklqQU5CZ2txaGtpRzl3MEIKQVFFRkFBT0NBUThBTUlJQkNnS0NBUUVBcndDY2V6MmFONHVickhMTWk2bzNpZzZ4NGxCTVBqMXhDeWFZS0hkNQp3V3laT0RNamF5dHFmQ21lTEFjWWhOayt3UkFaM0ZkNDJHSFhEUCt4eDdYL0I4Z2lRVEdpUnNVNFg3MlN5N2tsCllBdk5uUGxZMjg1MWVGbUNNdVJMSVFoa3Z0Tm93RnhpREdtcUZnSCtlMyt2c2c1Y2hWdVF6WUVYMmZGUU9IbUUKTUZvcytYYjJxR0NIWVVtWTZic3JESHF2TkJGcjNYU3N6SWlpSlkwZGU0QzBEWS9HcnF4cktjTWl6VUlvREFRbgpSWW9Wa2tETVVObHA0UXZuOW5LVDk5dTVNVEZDQzFpVkROc2xrTVpkT1R6Zmh5bUhXZWNueWpNTWdzRDlwcDR2ClVuQi9vQXFpNGRyRUxJb0U4TTl6UHRleUdtNTZPMDM2NXQ5ZnlUQzBqSGlUTHdJREFRQUJveU13SVRBT0JnTlYKSFE4QkFmOEVCQU1DQWdRd0R3WURWUjBUQVFIL0JBVXdBd0VCL3pBTkJna3Foa2lHOXcwQkFRc0ZBQU9DQVFFQQpIYjRkaEdMSVVrNHVVZWduYVloUFFIVmRMNGpHOEdEMmRPU2hMRWh3d0VIWkUyL0ZFZ1V1RUlRNkd1UEhOV0lhCjBLRWpVTU9VL042cVpISkVhMHloRTZwV0RqRXdjRWdCSEEvZExOcE5iZy9PTjJyMllSRDhmdForUmVUNzFwd1IKNDZwNUVISTV2enRyQ3FtOStPQWJzaDR5NWxrRzRWU1NCVDgvV0l4L0ZwWHN0Q3V1Q2R4YzhPaERiM1ZneGxuSgo3aVlwbFJTdEhjYVQ3WmpIV1BybXUvVGl6ZEhETkpSdjlGZnEwQVhOZ2lQenhrMzloYi90c1RyR1krbit1UGduCm5mK0FuOVg4dUJWUWFDci9OTlFDTUtVRkpieFNrc1IrUVNVaUorMjQ3VllqTUVMSkl2ODM5WklMODJZdU81T1YKQlY0WjY4cCtLU0pVYlp2KzFCUkw2UT09Ci0tLS0tRU5EIENFUlRJRklDQVRFLS0tLS0K",
                "password": "",
                "username": ""
              }
            ],
            "master_authorized_networks_config": [],
            "master_version": "1.14.8-gke.12",
            "min_master_version": "1.14.8-gke.12",
            "monitoring_service": "monitoring.googleapis.com/kubernetes",
            "name": "kafka-playground",
            "network": "projects/kafka-playground-666/global/networks/default",
            "network_policy": [
              {
                "enabled": false,
                "provider": "PROVIDER_UNSPECIFIED"
              }
            ],
            "node_config": [
              {
                "disk_size_gb": 100,
                "disk_type": "pd-standard",
                "guest_accelerator": [],
                "image_type": "COS",
                "labels": {},
                "local_ssd_count": 0,
                "machine_type": "n1-standard-1",
                "metadata": {
                  "disable-legacy-endpoints": "true"
                },
                "min_cpu_platform": "",
                "oauth_scopes": [
                  "https://www.googleapis.com/auth/logging.write",
                  "https://www.googleapis.com/auth/monitoring"
                ],
                "preemptible": false,
                "sandbox_config": [],
                "service_account": "default",
                "shielded_instance_config": [
                  {
                    "enable_integrity_monitoring": true,
                    "enable_secure_boot": false
                  }
                ],
                "tags": null,
                "taint": [],
                "workload_metadata_config": []
              }
            ],
            "node_locations": [],
            "node_pool": [
              {
                "autoscaling": [],
                "initial_node_count": 4,
                "instance_group_urls": [
                  "https://www.googleapis.com/compute/v1/projects/kafka-playground-666/zones/us-central1-a/instanceGroupManagers/gke-kafka-playground-default-pool-262dca17-grp"
                ],
                "management": [
                  {
                    "auto_repair": false,
                    "auto_upgrade": false
                  }
                ],
                "max_pods_per_node": 0,
                "name": "default-pool",
                "name_prefix": "",
                "node_config": [
                  {
                    "disk_size_gb": 100,
                    "disk_type": "pd-standard",
                    "guest_accelerator": [],
                    "image_type": "COS",
                    "labels": {},
                    "local_ssd_count": 0,
                    "machine_type": "n1-standard-1",
                    "metadata": {
                      "disable-legacy-endpoints": "true"
                    },
                    "min_cpu_platform": "",
                    "oauth_scopes": [
                      "https://www.googleapis.com/auth/logging.write",
                      "https://www.googleapis.com/auth/monitoring"
                    ],
                    "preemptible": false,
                    "sandbox_config": [],
                    "service_account": "default",
                    "shielded_instance_config": [
                      {
                        "enable_integrity_monitoring": true,
                        "enable_secure_boot": false
                      }
                    ],
                    "tags": [],
                    "taint": [],
                    "workload_metadata_config": []
                  }
                ],
                "node_count": 4,
                "version": "1.14.8-gke.12"
              }
            ],
            "node_version": "1.14.8-gke.12",
            "pod_security_policy_config": [],
            "private_cluster_config": [],
            "project": "kafka-playground-666",
            "region": null,
            "remove_default_node_pool": null,
            "resource_labels": null,
            "services_ipv4_cidr": "10.27.240.0/20",
            "subnetwork": "projects/kafka-playground-666/regions/us-central1/subnetworks/default",
            "timeouts": {
              "create": "5m",
              "delete": null,
              "update": "5m"
            },
            "zone": "us-central1-a"
          },
          "private": "eyJlMmJmYjczMC1lY2FhLTExZTYtOGY4OC0zNDM2M2JjN2M0YzAiOnsiY3JlYXRlIjozMDAwMDAwMDAwMDAsImRlbGV0ZSI6MTgwMDAwMDAwMDAwMCwidXBkYXRlIjozMDAwMDAwMDAwMDB9LCJzY2hlbWFfdmVyc2lvbiI6IjEifQ=="
        }
      ]
    }
  ]
}
