{
  "version": 4,
  "terraform_version": "0.12.13",
  "serial": 25,
  "lineage": "c8fe70fd-d834-6cf1-ab08-8392c2b6f528",
  "outputs": {},
  "resources": [
    {
      "mode": "managed",
      "type": "google_container_cluster",
      "name": "k8s_terraform",
      "provider": "provider.google",
      "instances": [
        {
          "schema_version": 1,
          "attributes": {
            "additional_zones": [],
            "addons_config": [
              {
                "horizontal_pod_autoscaling": [],
                "http_load_balancing": [],
                "kubernetes_dashboard": [
                  {
                    "disabled": true
                  }
                ],
                "network_policy_config": [
                  {
                    "disabled": true
                  }
                ]
              }
            ],
            "cluster_autoscaling": [],
            "cluster_ipv4_cidr": "10.24.0.0/14",
            "default_max_pods_per_node": 110,
            "description": "",
            "enable_binary_authorization": null,
            "enable_intranode_visibility": null,
            "enable_kubernetes_alpha": false,
            "enable_legacy_abac": false,
            "enable_tpu": null,
            "endpoint": "35.193.111.247",
            "id": "kafka-playground",
            "initial_node_count": 4,
            "instance_group_urls": [
              "https://www.googleapis.com/compute/v1/projects/kafka-playground-666/zones/us-central1-a/instanceGroups/gke-kafka-playground-default-pool-bfc751e9-grp"
            ],
            "ip_allocation_policy": [],
            "location": "us-central1-a",
            "logging_service": "logging.googleapis.com/kubernetes",
            "maintenance_policy": [],
            "master_auth": [
              {
                "client_certificate": "",
                "client_certificate_config": [
                  {
                    "issue_client_certificate": false
                  }
                ],
                "client_key": "",
                "cluster_ca_certificate": "LS0tLS1CRUdJTiBDRVJUSUZJQ0FURS0tLS0tCk1JSURDekNDQWZPZ0F3SUJBZ0lRUEg4ZUhNa05obFBSQkhPZTU2a0xGekFOQmdrcWhraUc5dzBCQVFzRkFEQXYKTVMwd0t3WURWUVFERXlSbE5qQTJOREl6TXkwM05Ea3pMVFF4TVRFdFlqY3hPQzFtWTJZNE16azFZekV4T0RndwpIaGNOTVRreE1USXlNVEF6TVRRMldoY05NalF4TVRJd01URXpNVFEyV2pBdk1TMHdLd1lEVlFRREV5UmxOakEyCk5ESXpNeTAzTkRrekxUUXhNVEV0WWpjeE9DMW1ZMlk0TXprMVl6RXhPRGd3Z2dFaU1BMEdDU3FHU0liM0RRRUIKQVFVQUE0SUJEd0F3Z2dFS0FvSUJBUUNUMnZ6SnhoWEp5cS9vSkx2YS9ubzlvRVlLL1J0TlM2TGpiY2R1VmZLdwpraGdzUWNIN0JJeWZHRkFXZ0krd1BjTW5vc0RXdUtOVWc4YXNaL1FxOFJ4RU4xM05KY2ordzN4R3lvQjZaMlNjCmlaK1RPVkx2aWU2cGhBdXdYOFZPTXpUb1ViZ0p0cjcyck01R3hNcGFubjJRUGpQRFErUHNFb3dRb3cyZzVJV2IKdUhEdm1sdUJLL2d0R20rUHNjNExzQVVXZmluSGtJN0FjUzhkV1hNM2owNm9JNSttaS9McDI5ZlF4MHZvOFAvYQp5SlFuazhWTnUxcnlJSVVxTXpYUzIxSmQ0UnBuU0tvS3IyUjZ5Wm1jNkl2c2ZqTnpONnpuVDAxbkQxR0wrT1VaCitWY1hvYXAzVS9yZk9QSlI1MkpPWWhlbWMxMk9iSkltcDBmRHVSNm5wekdSQWdNQkFBR2pJekFoTUE0R0ExVWQKRHdFQi93UUVBd0lDQkRBUEJnTlZIUk1CQWY4RUJUQURBUUgvTUEwR0NTcUdTSWIzRFFFQkN3VUFBNElCQVFBMwo3Wi9QdXlGcUtqSW5iSklwNyt0NHRMejNNWmhmaGZnd2MrQjJtelhBdmlPMEN4MWoyVzlnQ2lReEJUKzlPd2VXCnNIV2FjM1N0UUJBZEpvU09CcTlJRUVTVFVHbFJOdFJMaWhGU1luc3lwNHRneTBsV1dGd3B6T3NaaVhuTGxLbGkKdXA4NyswMFE1QUdTOW10VlVkei9BbzA3dmd0VWNlZE1kWjI0VHUxVjdHeTJrVDBXZWh1ZFpJd2QxRSs0cjZOQwoxWUtPT1ppaDRFaGtCbkFERUxnQjlIRU9aQkJBS2ZQRHRVMjdNaFpleUNZd3A2RzFEelRZWENZRFRNOTQzYitUCjNubUVGcWI1Q2NJNVd1YlVaSE5SSnI1U0VrenFjbkcxekl0RXAxSkNHZXpsY29jTGt1enJjRTlONGluVTBqZk8KNnM0Z3hCWHdWRmhrNFo3WDRobU4KLS0tLS1FTkQgQ0VSVElGSUNBVEUtLS0tLQo=",
                "password": "",
                "username": ""
              }
            ],
            "master_authorized_networks_config": [],
            "master_version": "1.14.8-gke.12",
            "min_master_version": "1.14.8-gke.12",
            "monitoring_service": "monitoring.googleapis.com/kubernetes",
            "name": "kafka-playground",
            "network": "projects/kafka-playground-666/global/networks/default",
            "network_policy": [
              {
                "enabled": false,
                "provider": "PROVIDER_UNSPECIFIED"
              }
            ],
            "node_config": [
              {
                "disk_size_gb": 100,
                "disk_type": "pd-standard",
                "guest_accelerator": [],
                "image_type": "COS",
                "labels": {},
                "local_ssd_count": 0,
                "machine_type": "n1-standard-2",
                "metadata": {
                  "disable-legacy-endpoints": "true"
                },
                "min_cpu_platform": "",
                "oauth_scopes": [
                  "https://www.googleapis.com/auth/logging.write",
                  "https://www.googleapis.com/auth/monitoring"
                ],
                "preemptible": true,
                "sandbox_config": [],
                "service_account": "default",
                "shielded_instance_config": [
                  {
                    "enable_integrity_monitoring": true,
                    "enable_secure_boot": false
                  }
                ],
                "tags": null,
                "taint": [],
                "workload_metadata_config": []
              }
            ],
            "node_locations": [],
            "node_pool": [
              {
                "autoscaling": [],
                "initial_node_count": 4,
                "instance_group_urls": [
                  "https://www.googleapis.com/compute/v1/projects/kafka-playground-666/zones/us-central1-a/instanceGroupManagers/gke-kafka-playground-default-pool-bfc751e9-grp"
                ],
                "management": [
                  {
                    "auto_repair": false,
                    "auto_upgrade": false
                  }
                ],
                "max_pods_per_node": 0,
                "name": "default-pool",
                "name_prefix": "",
                "node_config": [
                  {
                    "disk_size_gb": 100,
                    "disk_type": "pd-standard",
                    "guest_accelerator": [],
                    "image_type": "COS",
                    "labels": {},
                    "local_ssd_count": 0,
                    "machine_type": "n1-standard-2",
                    "metadata": {
                      "disable-legacy-endpoints": "true"
                    },
                    "min_cpu_platform": "",
                    "oauth_scopes": [
                      "https://www.googleapis.com/auth/logging.write",
                      "https://www.googleapis.com/auth/monitoring"
                    ],
                    "preemptible": true,
                    "sandbox_config": [],
                    "service_account": "default",
                    "shielded_instance_config": [
                      {
                        "enable_integrity_monitoring": true,
                        "enable_secure_boot": false
                      }
                    ],
                    "tags": [],
                    "taint": [],
                    "workload_metadata_config": []
                  }
                ],
                "node_count": 4,
                "version": "1.14.8-gke.12"
              }
            ],
            "node_version": "1.14.8-gke.12",
            "pod_security_policy_config": [],
            "private_cluster_config": [],
            "project": "kafka-playground-666",
            "region": null,
            "remove_default_node_pool": null,
            "resource_labels": null,
            "services_ipv4_cidr": "10.27.240.0/20",
            "subnetwork": "projects/kafka-playground-666/regions/us-central1/subnetworks/default",
            "timeouts": {
              "create": "5m",
              "delete": null,
              "update": "5m"
            },
            "zone": "us-central1-a"
          },
          "private": "eyJlMmJmYjczMC1lY2FhLTExZTYtOGY4OC0zNDM2M2JjN2M0YzAiOnsiY3JlYXRlIjozMDAwMDAwMDAwMDAsImRlbGV0ZSI6MTgwMDAwMDAwMDAwMCwidXBkYXRlIjozMDAwMDAwMDAwMDB9LCJzY2hlbWFfdmVyc2lvbiI6IjEifQ=="
        }
      ]
    }
  ]
}
